// !$*UTF8*$!
{
	archiveVersion = 1;
	classes = {
	};
	objectVersion = 56;
	objects = {

/* Begin PBXBuildFile section */
		751D46162DEE2A5600FA6AB4 /* SingleImageViewController.swift in Sources */ = {isa = PBXBuildFile; fileRef = 751D46152DEE2A5600FA6AB4 /* SingleImageViewController.swift */; };
		751D461B2DFDE06600FA6AB4 /* Constants.swift in Sources */ = {isa = PBXBuildFile; fileRef = 751D461A2DFDE06600FA6AB4 /* Constants.swift */; };
		751D461D2DFF38EE00FA6AB4 /* AuthViewController.swift in Sources */ = {isa = PBXBuildFile; fileRef = 751D461C2DFF38EE00FA6AB4 /* AuthViewController.swift */; };
		751D46202DFF3B5500FA6AB4 /* WebViewViewController.swift in Sources */ = {isa = PBXBuildFile; fileRef = 751D461F2DFF3B5500FA6AB4 /* WebViewViewController.swift */; };
		751D46222E00613800FA6AB4 /* URLSession+data.swift in Sources */ = {isa = PBXBuildFile; fileRef = 751D46212E00613800FA6AB4 /* URLSession+data.swift */; };
		751D46242E0068E200FA6AB4 /* OAuth2TokenStorage.swift in Sources */ = {isa = PBXBuildFile; fileRef = 751D46232E0068E200FA6AB4 /* OAuth2TokenStorage.swift */; };
		751D46262E0068F600FA6AB4 /* OAuth2Service.swift in Sources */ = {isa = PBXBuildFile; fileRef = 751D46252E0068F600FA6AB4 /* OAuth2Service.swift */; };
		751D46282E00690D00FA6AB4 /* SplashViewController.swift in Sources */ = {isa = PBXBuildFile; fileRef = 751D46272E00690D00FA6AB4 /* SplashViewController.swift */; };
		751D46332E0325ED00FA6AB4 /* UIBlockingProgressHUD.swift in Sources */ = {isa = PBXBuildFile; fileRef = 751D46322E0325ED00FA6AB4 /* UIBlockingProgressHUD.swift */; };
		751D46362E03273400FA6AB4 /* ProgressHUD in Frameworks */ = {isa = PBXBuildFile; productRef = 751D46352E03273400FA6AB4 /* ProgressHUD */; };
		751D46382E033C4C00FA6AB4 /* ProfileService.swift in Sources */ = {isa = PBXBuildFile; fileRef = 751D46372E033C4C00FA6AB4 /* ProfileService.swift */; };
		75A102602DDFAA2E00E4C19B /* ImagesListCell.swift in Sources */ = {isa = PBXBuildFile; fileRef = 75A1025F2DDFAA2E00E4C19B /* ImagesListCell.swift */; };
		75A102832DE4DF8B00E4C19B /* ProfileViewController.swift in Sources */ = {isa = PBXBuildFile; fileRef = 75A102822DE4DF8B00E4C19B /* ProfileViewController.swift */; };
		75A3C7812DC933EF00EA792D /* AppDelegate.swift in Sources */ = {isa = PBXBuildFile; fileRef = 75A3C7802DC933EF00EA792D /* AppDelegate.swift */; };
		75A3C7832DC933EF00EA792D /* SceneDelegate.swift in Sources */ = {isa = PBXBuildFile; fileRef = 75A3C7822DC933EF00EA792D /* SceneDelegate.swift */; };
		75A3C7852DC933EF00EA792D /* ImagesListViewController.swift in Sources */ = {isa = PBXBuildFile; fileRef = 75A3C7842DC933EF00EA792D /* ImagesListViewController.swift */; };
		75A3C7882DC933EF00EA792D /* Base in Resources */ = {isa = PBXBuildFile; fileRef = 75A3C7872DC933EF00EA792D /* Base */; };
		75A3C78A2DC933F000EA792D /* Assets.xcassets in Resources */ = {isa = PBXBuildFile; fileRef = 75A3C7892DC933F000EA792D /* Assets.xcassets */; };
		75A3C78D2DC933F000EA792D /* Base in Resources */ = {isa = PBXBuildFile; fileRef = 75A3C78C2DC933F000EA792D /* Base */; };
/* End PBXBuildFile section */

/* Begin PBXFileReference section */
		751D46152DEE2A5600FA6AB4 /* SingleImageViewController.swift */ = {isa = PBXFileReference; lastKnownFileType = sourcecode.swift; path = SingleImageViewController.swift; sourceTree = "<group>"; };
		751D461A2DFDE06600FA6AB4 /* Constants.swift */ = {isa = PBXFileReference; lastKnownFileType = sourcecode.swift; name = Constants.swift; path = ../Constants.swift; sourceTree = "<group>"; };
		751D461C2DFF38EE00FA6AB4 /* AuthViewController.swift */ = {isa = PBXFileReference; lastKnownFileType = sourcecode.swift; path = AuthViewController.swift; sourceTree = "<group>"; };
		751D461F2DFF3B5500FA6AB4 /* WebViewViewController.swift */ = {isa = PBXFileReference; lastKnownFileType = sourcecode.swift; path = WebViewViewController.swift; sourceTree = "<group>"; };
		751D46212E00613800FA6AB4 /* URLSession+data.swift */ = {isa = PBXFileReference; lastKnownFileType = sourcecode.swift; path = "URLSession+data.swift"; sourceTree = "<group>"; };
		751D46232E0068E200FA6AB4 /* OAuth2TokenStorage.swift */ = {isa = PBXFileReference; lastKnownFileType = sourcecode.swift; path = OAuth2TokenStorage.swift; sourceTree = "<group>"; };
		751D46252E0068F600FA6AB4 /* OAuth2Service.swift */ = {isa = PBXFileReference; lastKnownFileType = sourcecode.swift; path = OAuth2Service.swift; sourceTree = "<group>"; };
		751D46272E00690D00FA6AB4 /* SplashViewController.swift */ = {isa = PBXFileReference; lastKnownFileType = sourcecode.swift; path = SplashViewController.swift; sourceTree = "<group>"; };
		751D46322E0325ED00FA6AB4 /* UIBlockingProgressHUD.swift */ = {isa = PBXFileReference; lastKnownFileType = sourcecode.swift; path = UIBlockingProgressHUD.swift; sourceTree = "<group>"; };
		751D46372E033C4C00FA6AB4 /* ProfileService.swift */ = {isa = PBXFileReference; lastKnownFileType = sourcecode.swift; path = ProfileService.swift; sourceTree = "<group>"; };
		75A1025F2DDFAA2E00E4C19B /* ImagesListCell.swift */ = {isa = PBXFileReference; lastKnownFileType = sourcecode.swift; path = ImagesListCell.swift; sourceTree = "<group>"; };
		75A102822DE4DF8B00E4C19B /* ProfileViewController.swift */ = {isa = PBXFileReference; lastKnownFileType = sourcecode.swift; path = ProfileViewController.swift; sourceTree = "<group>"; };
		75A3C77D2DC933EF00EA792D /* ImageFeed.app */ = {isa = PBXFileReference; explicitFileType = wrapper.application; includeInIndex = 0; path = ImageFeed.app; sourceTree = BUILT_PRODUCTS_DIR; };
		75A3C7802DC933EF00EA792D /* AppDelegate.swift */ = {isa = PBXFileReference; lastKnownFileType = sourcecode.swift; path = AppDelegate.swift; sourceTree = "<group>"; };
		75A3C7822DC933EF00EA792D /* SceneDelegate.swift */ = {isa = PBXFileReference; lastKnownFileType = sourcecode.swift; path = SceneDelegate.swift; sourceTree = "<group>"; };
		75A3C7842DC933EF00EA792D /* ImagesListViewController.swift */ = {isa = PBXFileReference; lastKnownFileType = sourcecode.swift; path = ImagesListViewController.swift; sourceTree = "<group>"; };
		75A3C7872DC933EF00EA792D /* Base */ = {isa = PBXFileReference; lastKnownFileType = file.storyboard; name = Base; path = Base.lproj/Main.storyboard; sourceTree = "<group>"; };
		75A3C7892DC933F000EA792D /* Assets.xcassets */ = {isa = PBXFileReference; lastKnownFileType = folder.assetcatalog; path = Assets.xcassets; sourceTree = "<group>"; };
		75A3C78C2DC933F000EA792D /* Base */ = {isa = PBXFileReference; lastKnownFileType = file.storyboard; name = Base; path = Base.lproj/LaunchScreen.storyboard; sourceTree = "<group>"; };
		75A3C78E2DC933F000EA792D /* Info.plist */ = {isa = PBXFileReference; lastKnownFileType = text.plist.xml; path = Info.plist; sourceTree = "<group>"; };
/* End PBXFileReference section */

/* Begin PBXFrameworksBuildPhase section */
		75A3C77A2DC933EF00EA792D /* Frameworks */ = {
			isa = PBXFrameworksBuildPhase;
			buildActionMask = 2147483647;
			files = (
				751D46362E03273400FA6AB4 /* ProgressHUD in Frameworks */,
			);
			runOnlyForDeploymentPostprocessing = 0;
		};
/* End PBXFrameworksBuildPhase section */

/* Begin PBXGroup section */
		751D46172DEE2CE600FA6AB4 /* SingleImageView */ = {
			isa = PBXGroup;
			children = (
				751D46152DEE2A5600FA6AB4 /* SingleImageViewController.swift */,
			);
			path = SingleImageView;
			sourceTree = "<group>";
		};
		751D461E2DFF3A2E00FA6AB4 /* Auth */ = {
			isa = PBXGroup;
			children = (
				751D461C2DFF38EE00FA6AB4 /* AuthViewController.swift */,
				751D461F2DFF3B5500FA6AB4 /* WebViewViewController.swift */,
			);
			path = Auth;
			sourceTree = "<group>";
		};
		751D46292E00693300FA6AB4 /* OAuth2 */ = {
			isa = PBXGroup;
			children = (
				751D46232E0068E200FA6AB4 /* OAuth2TokenStorage.swift */,
				751D46252E0068F600FA6AB4 /* OAuth2Service.swift */,
			);
			path = OAuth2;
			sourceTree = "<group>";
		};
		75A102612DDFAA5000E4C19B /* ImagesList */ = {
			isa = PBXGroup;
			children = (
				75A1025F2DDFAA2E00E4C19B /* ImagesListCell.swift */,
				75A3C7842DC933EF00EA792D /* ImagesListViewController.swift */,
			);
			path = ImagesList;
			sourceTree = "<group>";
		};
		75A102842DE4DFDD00E4C19B /* Profile */ = {
			isa = PBXGroup;
			children = (
				751D46372E033C4C00FA6AB4 /* ProfileService.swift */,
				75A102822DE4DF8B00E4C19B /* ProfileViewController.swift */,
			);
			path = Profile;
			sourceTree = "<group>";
		};
		75A3C7742DC933EF00EA792D = {
			isa = PBXGroup;
			children = (
				75A3C77F2DC933EF00EA792D /* ImageFeed */,
				75A3C77E2DC933EF00EA792D /* Products */,
			);
			sourceTree = "<group>";
		};
		75A3C77E2DC933EF00EA792D /* Products */ = {
			isa = PBXGroup;
			children = (
				75A3C77D2DC933EF00EA792D /* ImageFeed.app */,
			);
			name = Products;
			sourceTree = "<group>";
		};
		75A3C77F2DC933EF00EA792D /* ImageFeed */ = {
			isa = PBXGroup;
			children = (
				751D46322E0325ED00FA6AB4 /* UIBlockingProgressHUD.swift */,
				75A3C7802DC933EF00EA792D /* AppDelegate.swift */,
				75A3C7822DC933EF00EA792D /* SceneDelegate.swift */,
				751D461A2DFDE06600FA6AB4 /* Constants.swift */,
				751D46212E00613800FA6AB4 /* URLSession+data.swift */,
				751D46272E00690D00FA6AB4 /* SplashViewController.swift */,
				751D46292E00693300FA6AB4 /* OAuth2 */,
				751D461E2DFF3A2E00FA6AB4 /* Auth */,
				75A102842DE4DFDD00E4C19B /* Profile */,
				75A102612DDFAA5000E4C19B /* ImagesList */,
				751D46172DEE2CE600FA6AB4 /* SingleImageView */,
				75A3C7892DC933F000EA792D /* Assets.xcassets */,
				75A3C7862DC933EF00EA792D /* Main.storyboard */,
				75A3C78B2DC933F000EA792D /* LaunchScreen.storyboard */,
				75A3C78E2DC933F000EA792D /* Info.plist */,
			);
			path = ImageFeed;
			sourceTree = "<group>";
		};
/* End PBXGroup section */

/* Begin PBXNativeTarget section */
		75A3C77C2DC933EF00EA792D /* ImageFeed */ = {
			isa = PBXNativeTarget;
			buildConfigurationList = 75A3C7912DC933F000EA792D /* Build configuration list for PBXNativeTarget "ImageFeed" */;
			buildPhases = (
				75A3C7792DC933EF00EA792D /* Sources */,
				75A3C77A2DC933EF00EA792D /* Frameworks */,
				75A3C77B2DC933EF00EA792D /* Resources */,
			);
			buildRules = (
			);
			dependencies = (
			);
			name = ImageFeed;
			packageProductDependencies = (
				751D46352E03273400FA6AB4 /* ProgressHUD */,
			);
			productName = ImageFeed;
			productReference = 75A3C77D2DC933EF00EA792D /* ImageFeed.app */;
			productType = "com.apple.product-type.application";
		};
/* End PBXNativeTarget section */

/* Begin PBXProject section */
		75A3C7752DC933EF00EA792D /* Project object */ = {
			isa = PBXProject;
			attributes = {
				BuildIndependentTargetsInParallel = 1;
				LastSwiftUpdateCheck = 1540;
				LastUpgradeCheck = 1540;
				TargetAttributes = {
					75A3C77C2DC933EF00EA792D = {
						CreatedOnToolsVersion = 15.4;
					};
				};
			};
			buildConfigurationList = 75A3C7782DC933EF00EA792D /* Build configuration list for PBXProject "ImageFeed" */;
			compatibilityVersion = "Xcode 14.0";
			developmentRegion = en;
			hasScannedForEncodings = 0;
			knownRegions = (
				en,
				Base,
			);
			mainGroup = 75A3C7742DC933EF00EA792D;
			packageReferences = (
				751D46342E03273400FA6AB4 /* XCRemoteSwiftPackageReference "ProgressHUD" */,
			);
			productRefGroup = 75A3C77E2DC933EF00EA792D /* Products */;
			projectDirPath = "";
			projectRoot = "";
			targets = (
				75A3C77C2DC933EF00EA792D /* ImageFeed */,
			);
		};
/* End PBXProject section */

/* Begin PBXResourcesBuildPhase section */
		75A3C77B2DC933EF00EA792D /* Resources */ = {
			isa = PBXResourcesBuildPhase;
			buildActionMask = 2147483647;
			files = (
				75A3C78A2DC933F000EA792D /* Assets.xcassets in Resources */,
				75A3C78D2DC933F000EA792D /* Base in Resources */,
				75A3C7882DC933EF00EA792D /* Base in Resources */,
			);
			runOnlyForDeploymentPostprocessing = 0;
		};
/* End PBXResourcesBuildPhase section */

/* Begin PBXSourcesBuildPhase section */
		75A3C7792DC933EF00EA792D /* Sources */ = {
			isa = PBXSourcesBuildPhase;
			buildActionMask = 2147483647;
			files = (
				75A3C7852DC933EF00EA792D /* ImagesListViewController.swift in Sources */,
				75A102602DDFAA2E00E4C19B /* ImagesListCell.swift in Sources */,
				751D46262E0068F600FA6AB4 /* OAuth2Service.swift in Sources */,
				75A102832DE4DF8B00E4C19B /* ProfileViewController.swift in Sources */,
				75A3C7812DC933EF00EA792D /* AppDelegate.swift in Sources */,
				751D46242E0068E200FA6AB4 /* OAuth2TokenStorage.swift in Sources */,
				751D46282E00690D00FA6AB4 /* SplashViewController.swift in Sources */,
				751D461D2DFF38EE00FA6AB4 /* AuthViewController.swift in Sources */,
				751D461B2DFDE06600FA6AB4 /* Constants.swift in Sources */,
				751D46162DEE2A5600FA6AB4 /* SingleImageViewController.swift in Sources */,
				751D46202DFF3B5500FA6AB4 /* WebViewViewController.swift in Sources */,
				751D46222E00613800FA6AB4 /* URLSession+data.swift in Sources */,
				75A3C7832DC933EF00EA792D /* SceneDelegate.swift in Sources */,
				751D46332E0325ED00FA6AB4 /* UIBlockingProgressHUD.swift in Sources */,
				751D46382E033C4C00FA6AB4 /* ProfileService.swift in Sources */,
			);
			runOnlyForDeploymentPostprocessing = 0;
		};
/* End PBXSourcesBuildPhase section */

/* Begin PBXVariantGroup section */
		75A3C7862DC933EF00EA792D /* Main.storyboard */ = {
			isa = PBXVariantGroup;
			children = (
				75A3C7872DC933EF00EA792D /* Base */,
			);
			name = Main.storyboard;
			sourceTree = "<group>";
		};
		75A3C78B2DC933F000EA792D /* LaunchScreen.storyboard */ = {
			isa = PBXVariantGroup;
			children = (
				75A3C78C2DC933F000EA792D /* Base */,
			);
			name = LaunchScreen.storyboard;
			sourceTree = "<group>";
		};
/* End PBXVariantGroup section */

/* Begin XCBuildConfiguration section */
		75A3C78F2DC933F000EA792D /* Debug */ = {
			isa = XCBuildConfiguration;
			buildSettings = {
				ALWAYS_SEARCH_USER_PATHS = NO;
				ASSETCATALOG_COMPILER_GENERATE_SWIFT_ASSET_SYMBOL_EXTENSIONS = YES;
				CLANG_ANALYZER_NONNULL = YES;
				CLANG_ANALYZER_NUMBER_OBJECT_CONVERSION = YES_AGGRESSIVE;
				CLANG_CXX_LANGUAGE_STANDARD = "gnu++20";
				CLANG_ENABLE_MODULES = YES;
				CLANG_ENABLE_OBJC_ARC = YES;
				CLANG_ENABLE_OBJC_WEAK = YES;
				CLANG_WARN_BLOCK_CAPTURE_AUTORELEASING = YES;
				CLANG_WARN_BOOL_CONVERSION = YES;
				CLANG_WARN_COMMA = YES;
				CLANG_WARN_CONSTANT_CONVERSION = YES;
				CLANG_WARN_DEPRECATED_OBJC_IMPLEMENTATIONS = YES;
				CLANG_WARN_DIRECT_OBJC_ISA_USAGE = YES_ERROR;
				CLANG_WARN_DOCUMENTATION_COMMENTS = YES;
				CLANG_WARN_EMPTY_BODY = YES;
				CLANG_WARN_ENUM_CONVERSION = YES;
				CLANG_WARN_INFINITE_RECURSION = YES;
				CLANG_WARN_INT_CONVERSION = YES;
				CLANG_WARN_NON_LITERAL_NULL_CONVERSION = YES;
				CLANG_WARN_OBJC_IMPLICIT_RETAIN_SELF = YES;
				CLANG_WARN_OBJC_LITERAL_CONVERSION = YES;
				CLANG_WARN_OBJC_ROOT_CLASS = YES_ERROR;
				CLANG_WARN_QUOTED_INCLUDE_IN_FRAMEWORK_HEADER = YES;
				CLANG_WARN_RANGE_LOOP_ANALYSIS = YES;
				CLANG_WARN_STRICT_PROTOTYPES = YES;
				CLANG_WARN_SUSPICIOUS_MOVE = YES;
				CLANG_WARN_UNGUARDED_AVAILABILITY = YES_AGGRESSIVE;
				CLANG_WARN_UNREACHABLE_CODE = YES;
				CLANG_WARN__DUPLICATE_METHOD_MATCH = YES;
				COPY_PHASE_STRIP = NO;
				DEBUG_INFORMATION_FORMAT = dwarf;
				ENABLE_STRICT_OBJC_MSGSEND = YES;
				ENABLE_TESTABILITY = YES;
				ENABLE_USER_SCRIPT_SANDBOXING = YES;
				GCC_C_LANGUAGE_STANDARD = gnu17;
				GCC_DYNAMIC_NO_PIC = NO;
				GCC_NO_COMMON_BLOCKS = YES;
				GCC_OPTIMIZATION_LEVEL = 0;
				GCC_PREPROCESSOR_DEFINITIONS = (
					"DEBUG=1",
					"$(inherited)",
				);
				GCC_WARN_64_TO_32_BIT_CONVERSION = YES;
				GCC_WARN_ABOUT_RETURN_TYPE = YES_ERROR;
				GCC_WARN_UNDECLARED_SELECTOR = YES;
				GCC_WARN_UNINITIALIZED_AUTOS = YES_AGGRESSIVE;
				GCC_WARN_UNUSED_FUNCTION = YES;
				GCC_WARN_UNUSED_VARIABLE = YES;
				IPHONEOS_DEPLOYMENT_TARGET = 14.1;
				LOCALIZATION_PREFERS_STRING_CATALOGS = YES;
				MTL_ENABLE_DEBUG_INFO = INCLUDE_SOURCE;
				MTL_FAST_MATH = YES;
				ONLY_ACTIVE_ARCH = YES;
				SDKROOT = iphoneos;
				SWIFT_ACTIVE_COMPILATION_CONDITIONS = "DEBUG $(inherited)";
				SWIFT_OPTIMIZATION_LEVEL = "-Onone";
			};
			name = Debug;
		};
		75A3C7902DC933F000EA792D /* Release */ = {
			isa = XCBuildConfiguration;
			buildSettings = {
				ALWAYS_SEARCH_USER_PATHS = NO;
				ASSETCATALOG_COMPILER_GENERATE_SWIFT_ASSET_SYMBOL_EXTENSIONS = YES;
				CLANG_ANALYZER_NONNULL = YES;
				CLANG_ANALYZER_NUMBER_OBJECT_CONVERSION = YES_AGGRESSIVE;
				CLANG_CXX_LANGUAGE_STANDARD = "gnu++20";
				CLANG_ENABLE_MODULES = YES;
				CLANG_ENABLE_OBJC_ARC = YES;
				CLANG_ENABLE_OBJC_WEAK = YES;
				CLANG_WARN_BLOCK_CAPTURE_AUTORELEASING = YES;
				CLANG_WARN_BOOL_CONVERSION = YES;
				CLANG_WARN_COMMA = YES;
				CLANG_WARN_CONSTANT_CONVERSION = YES;
				CLANG_WARN_DEPRECATED_OBJC_IMPLEMENTATIONS = YES;
				CLANG_WARN_DIRECT_OBJC_ISA_USAGE = YES_ERROR;
				CLANG_WARN_DOCUMENTATION_COMMENTS = YES;
				CLANG_WARN_EMPTY_BODY = YES;
				CLANG_WARN_ENUM_CONVERSION = YES;
				CLANG_WARN_INFINITE_RECURSION = YES;
				CLANG_WARN_INT_CONVERSION = YES;
				CLANG_WARN_NON_LITERAL_NULL_CONVERSION = YES;
				CLANG_WARN_OBJC_IMPLICIT_RETAIN_SELF = YES;
				CLANG_WARN_OBJC_LITERAL_CONVERSION = YES;
				CLANG_WARN_OBJC_ROOT_CLASS = YES_ERROR;
				CLANG_WARN_QUOTED_INCLUDE_IN_FRAMEWORK_HEADER = YES;
				CLANG_WARN_RANGE_LOOP_ANALYSIS = YES;
				CLANG_WARN_STRICT_PROTOTYPES = YES;
				CLANG_WARN_SUSPICIOUS_MOVE = YES;
				CLANG_WARN_UNGUARDED_AVAILABILITY = YES_AGGRESSIVE;
				CLANG_WARN_UNREACHABLE_CODE = YES;
				CLANG_WARN__DUPLICATE_METHOD_MATCH = YES;
				COPY_PHASE_STRIP = NO;
				DEBUG_INFORMATION_FORMAT = "dwarf-with-dsym";
				ENABLE_NS_ASSERTIONS = NO;
				ENABLE_STRICT_OBJC_MSGSEND = YES;
				ENABLE_USER_SCRIPT_SANDBOXING = YES;
				GCC_C_LANGUAGE_STANDARD = gnu17;
				GCC_NO_COMMON_BLOCKS = YES;
				GCC_WARN_64_TO_32_BIT_CONVERSION = YES;
				GCC_WARN_ABOUT_RETURN_TYPE = YES_ERROR;
				GCC_WARN_UNDECLARED_SELECTOR = YES;
				GCC_WARN_UNINITIALIZED_AUTOS = YES_AGGRESSIVE;
				GCC_WARN_UNUSED_FUNCTION = YES;
				GCC_WARN_UNUSED_VARIABLE = YES;
				IPHONEOS_DEPLOYMENT_TARGET = 14.1;
				LOCALIZATION_PREFERS_STRING_CATALOGS = YES;
				MTL_ENABLE_DEBUG_INFO = NO;
				MTL_FAST_MATH = YES;
				SDKROOT = iphoneos;
				SWIFT_COMPILATION_MODE = wholemodule;
				VALIDATE_PRODUCT = YES;
			};
			name = Release;
		};
		75A3C7922DC933F000EA792D /* Debug */ = {
			isa = XCBuildConfiguration;
			buildSettings = {
				ASSETCATALOG_COMPILER_APPICON_NAME = AppIcon;
				ASSETCATALOG_COMPILER_GLOBAL_ACCENT_COLOR_NAME = AccentColor;
				CODE_SIGN_STYLE = Automatic;
				CURRENT_PROJECT_VERSION = 1;
				DEVELOPMENT_TEAM = 35CNPN8T87;
				GENERATE_INFOPLIST_FILE = YES;
				INFOPLIST_FILE = ImageFeed/Info.plist;
				INFOPLIST_KEY_UIApplicationSupportsIndirectInputEvents = YES;
				INFOPLIST_KEY_UILaunchStoryboardName = LaunchScreen;
				INFOPLIST_KEY_UIMainStoryboardFile = Main;
				INFOPLIST_KEY_UISupportedInterfaceOrientations_iPad = "UIInterfaceOrientationPortrait UIInterfaceOrientationPortraitUpsideDown UIInterfaceOrientationLandscapeLeft UIInterfaceOrientationLandscapeRight";
				INFOPLIST_KEY_UISupportedInterfaceOrientations_iPhone = UIInterfaceOrientationPortrait;
				IPHONEOS_DEPLOYMENT_TARGET = 14.0;
				LD_RUNPATH_SEARCH_PATHS = (
					"$(inherited)",
					"@executable_path/Frameworks",
				);
				MARKETING_VERSION = 1.0;
				PRODUCT_BUNDLE_IDENTIFIER = ru.yandex.practicum.ImageFeed;
				PRODUCT_NAME = "$(TARGET_NAME)";
				SUPPORTED_PLATFORMS = "iphoneos iphonesimulator";
				SUPPORTS_MACCATALYST = NO;
				SWIFT_EMIT_LOC_STRINGS = YES;
				SWIFT_VERSION = 5.0;
				TARGETED_DEVICE_FAMILY = 1;
			};
			name = Debug;
		};
		75A3C7932DC933F000EA792D /* Release */ = {
			isa = XCBuildConfiguration;
			buildSettings = {
				ASSETCATALOG_COMPILER_APPICON_NAME = AppIcon;
				ASSETCATALOG_COMPILER_GLOBAL_ACCENT_COLOR_NAME = AccentColor;
				CODE_SIGN_STYLE = Automatic;
				CURRENT_PROJECT_VERSION = 1;
				DEVELOPMENT_TEAM = 35CNPN8T87;
				GENERATE_INFOPLIST_FILE = YES;
				INFOPLIST_FILE = ImageFeed/Info.plist;
				INFOPLIST_KEY_UIApplicationSupportsIndirectInputEvents = YES;
				INFOPLIST_KEY_UILaunchStoryboardName = LaunchScreen;
				INFOPLIST_KEY_UIMainStoryboardFile = Main;
				INFOPLIST_KEY_UISupportedInterfaceOrientations_iPad = "UIInterfaceOrientationPortrait UIInterfaceOrientationPortraitUpsideDown UIInterfaceOrientationLandscapeLeft UIInterfaceOrientationLandscapeRight";
				INFOPLIST_KEY_UISupportedInterfaceOrientations_iPhone = UIInterfaceOrientationPortrait;
				IPHONEOS_DEPLOYMENT_TARGET = 14.0;
				LD_RUNPATH_SEARCH_PATHS = (
					"$(inherited)",
					"@executable_path/Frameworks",
				);
				MARKETING_VERSION = 1.0;
				PRODUCT_BUNDLE_IDENTIFIER = ru.yandex.practicum.ImageFeed;
				PRODUCT_NAME = "$(TARGET_NAME)";
				SUPPORTED_PLATFORMS = "iphoneos iphonesimulator";
				SUPPORTS_MACCATALYST = NO;
				SWIFT_EMIT_LOC_STRINGS = YES;
				SWIFT_VERSION = 5.0;
				TARGETED_DEVICE_FAMILY = 1;
			};
			name = Release;
		};
/* End XCBuildConfiguration section */

/* Begin XCConfigurationList section */
		75A3C7782DC933EF00EA792D /* Build configuration list for PBXProject "ImageFeed" */ = {
			isa = XCConfigurationList;
			buildConfigurations = (
				75A3C78F2DC933F000EA792D /* Debug */,
				75A3C7902DC933F000EA792D /* Release */,
			);
			defaultConfigurationIsVisible = 0;
			defaultConfigurationName = Release;
		};
		75A3C7912DC933F000EA792D /* Build configuration list for PBXNativeTarget "ImageFeed" */ = {
			isa = XCConfigurationList;
			buildConfigurations = (
				75A3C7922DC933F000EA792D /* Debug */,
				75A3C7932DC933F000EA792D /* Release */,
			);
			defaultConfigurationIsVisible = 0;
			defaultConfigurationName = Release;
		};
/* End XCConfigurationList section */

/* Begin XCRemoteSwiftPackageReference section */
		751D46342E03273400FA6AB4 /* XCRemoteSwiftPackageReference "ProgressHUD" */ = {
			isa = XCRemoteSwiftPackageReference;
			repositoryURL = "https://github.com/relatedcode/ProgressHUD";
			requirement = {
				kind = upToNextMajorVersion;
				minimumVersion = 14.1.3;
			};
		};
/* End XCRemoteSwiftPackageReference section */

/* Begin XCSwiftPackageProductDependency section */
		751D46352E03273400FA6AB4 /* ProgressHUD */ = {
			isa = XCSwiftPackageProductDependency;
			package = 751D46342E03273400FA6AB4 /* XCRemoteSwiftPackageReference "ProgressHUD" */;
			productName = ProgressHUD;
		};
/* End XCSwiftPackageProductDependency section */
	};
	rootObject = 75A3C7752DC933EF00EA792D /* Project object */;
}
